
Microsoft Visual Studio Solution File, Format Version 12.00
# Visual Studio Version 17
VisualStudioVersion = 17.0.31903.59
MinimumVisualStudioVersion = 10.0.40219.1
Project("{2150E333-8FDC-42A3-9474-1A3956D46DE8}") = "src", "src", "{827E0CD3-B72D-47B6-A68D-7590B98EB39B}"
EndProject
Project("{FAE04EC0-301F-11D3-BF4B-00C04F79EFBC}") = "IM1OS.Api", "src\IM1OS.Api\IM1OS.Api.csproj", "{41BC80A7-6328-42F7-891E-8F31A14C9C9B}"
EndProject
Project("{FAE04EC0-301F-11D3-BF4B-00C04F79EFBC}") = "IM1OS.Application", "src\IM1OS.Application\IM1OS.Application.csproj", "{9DB1B64D-544B-4CEA-A5E6-B5755D1CC3FC}"
EndProject
Project("{FAE04EC0-301F-11D3-BF4B-00C04F79EFBC}") = "IM1OS.Domain", "src\IM1OS.Domain\IM1OS.Domain.csproj", "{5290A2E9-7B62-444F-86C6-237818BA8EE6}"
EndProject
Project("{FAE04EC0-301F-11D3-BF4B-00C04F79EFBC}") = "IM1OS.Shared", "src\IM1OS.Shared\IM1OS.Shared.csproj", "{415DD034-52CF-45D4-92DC-DA599C35A5CF}"
EndProject
Project("{FAE04EC0-301F-11D3-BF4B-00C04F79EFBC}") = "IM1OS.Infrastructure", "src\IM1OS.Infrastructure\IM1OS.Infrastructure.csproj", "{78011209-2F87-4048-AA43-52C11C9CCE8D}"
EndProject
Global
	GlobalSection(SolutionConfigurationPlatforms) = preSolution
		Debug|Any CPU = Debug|Any CPU
		Debug|x64 = Debug|x64
		Debug|x86 = Debug|x86
		Release|Any CPU = Release|Any CPU
		Release|x64 = Release|x64
		Release|x86 = Release|x86
	EndGlobalSection
	GlobalSection(ProjectConfigurationPlatforms) = postSolution
		{41BC80A7-6328-42F7-891E-8F31A14C9C9B}.Debug|Any CPU.ActiveCfg = Debug|Any CPU
		{41BC80A7-6328-42F7-891E-8F31A14C9C9B}.Debug|Any CPU.Build.0 = Debug|Any CPU
		{41BC80A7-6328-42F7-891E-8F31A14C9C9B}.Debug|x64.ActiveCfg = Debug|Any CPU
		{41BC80A7-6328-42F7-891E-8F31A14C9C9B}.Debug|x64.Build.0 = Debug|Any CPU
		{41BC80A7-6328-42F7-891E-8F31A14C9C9B}.Debug|x86.ActiveCfg = Debug|Any CPU
		{41BC80A7-6328-42F7-891E-8F31A14C9C9B}.Debug|x86.Build.0 = Debug|Any CPU
		{41BC80A7-6328-42F7-891E-8F31A14C9C9B}.Release|Any CPU.ActiveCfg = Release|Any CPU
		{41BC80A7-6328-42F7-891E-8F31A14C9C9B}.Release|Any CPU.Build.0 = Release|Any CPU
		{41BC80A7-6328-42F7-891E-8F31A14C9C9B}.Release|x64.ActiveCfg = Release|Any CPU
		{41BC80A7-6328-42F7-891E-8F31A14C9C9B}.Release|x64.Build.0 = Release|Any CPU
		{41BC80A7-6328-42F7-891E-8F31A14C9C9B}.Release|x86.ActiveCfg = Release|Any CPU
		{41BC80A7-6328-42F7-891E-8F31A14C9C9B}.Release|x86.Build.0 = Release|Any CPU
		{9DB1B64D-544B-4CEA-A5E6-B5755D1CC3FC}.Debug|Any CPU.ActiveCfg = Debug|Any CPU
		{9DB1B64D-544B-4CEA-A5E6-B5755D1CC3FC}.Debug|Any CPU.Build.0 = Debug|Any CPU
		{9DB1B64D-544B-4CEA-A5E6-B5755D1CC3FC}.Debug|x64.ActiveCfg = Debug|Any CPU
		{9DB1B64D-544B-4CEA-A5E6-B5755D1CC3FC}.Debug|x64.Build.0 = Debug|Any CPU
		{9DB1B64D-544B-4CEA-A5E6-B5755D1CC3FC}.Debug|x86.ActiveCfg = Debug|Any CPU
		{9DB1B64D-544B-4CEA-A5E6-B5755D1CC3FC}.Debug|x86.Build.0 = Debug|Any CPU
		{9DB1B64D-544B-4CEA-A5E6-B5755D1CC3FC}.Release|Any CPU.ActiveCfg = Release|Any CPU
		{9DB1B64D-544B-4CEA-A5E6-B5755D1CC3FC}.Release|Any CPU.Build.0 = Release|Any CPU
		{9DB1B64D-544B-4CEA-A5E6-B5755D1CC3FC}.Release|x64.ActiveCfg = Release|Any CPU
		{9DB1B64D-544B-4CEA-A5E6-B5755D1CC3FC}.Release|x64.Build.0 = Release|Any CPU
		{9DB1B64D-544B-4CEA-A5E6-B5755D1CC3FC}.Release|x86.ActiveCfg = Release|Any CPU
		{9DB1B64D-544B-4CEA-A5E6-B5755D1CC3FC}.Release|x86.Build.0 = Release|Any CPU
		{5290A2E9-7B62-444F-86C6-237818BA8EE6}.Debug|Any CPU.ActiveCfg = Debug|Any CPU
		{5290A2E9-7B62-444F-86C6-237818BA8EE6}.Debug|Any CPU.Build.0 = Debug|Any CPU
		{5290A2E9-7B62-444F-86C6-237818BA8EE6}.Debug|x64.ActiveCfg = Debug|Any CPU
		{5290A2E9-7B62-444F-86C6-237818BA8EE6}.Debug|x64.Build.0 = Debug|Any CPU
		{5290A2E9-7B62-444F-86C6-237818BA8EE6}.Debug|x86.ActiveCfg = Debug|Any CPU
		{5290A2E9-7B62-444F-86C6-237818BA8EE6}.Debug|x86.Build.0 = Debug|Any CPU
		{5290A2E9-7B62-444F-86C6-237818BA8EE6}.Release|Any CPU.ActiveCfg = Release|Any CPU
		{5290A2E9-7B62-444F-86C6-237818BA8EE6}.Release|Any CPU.Build.0 = Release|Any CPU
		{5290A2E9-7B62-444F-86C6-237818BA8EE6}.Release|x64.ActiveCfg = Release|Any CPU
		{5290A2E9-7B62-444F-86C6-237818BA8EE6}.Release|x64.Build.0 = Release|Any CPU
		{5290A2E9-7B62-444F-86C6-237818BA8EE6}.Release|x86.ActiveCfg = Release|Any CPU
		{5290A2E9-7B62-444F-86C6-237818BA8EE6}.Release|x86.Build.0 = Release|Any CPU
		{415DD034-52CF-45D4-92DC-DA599C35A5CF}.Debug|Any CPU.ActiveCfg = Debug|Any CPU
		{415DD034-52CF-45D4-92DC-DA599C35A5CF}.Debug|Any CPU.Build.0 = Debug|Any CPU
		{415DD034-52CF-45D4-92DC-DA599C35A5CF}.Debug|x64.ActiveCfg = Debug|Any CPU
		{415DD034-52CF-45D4-92DC-DA599C35A5CF}.Debug|x64.Build.0 = Debug|Any CPU
		{415DD034-52CF-45D4-92DC-DA599C35A5CF}.Debug|x86.ActiveCfg = Debug|Any CPU
		{415DD034-52CF-45D4-92DC-DA599C35A5CF}.Debug|x86.Build.0 = Debug|Any CPU
		{415DD034-52CF-45D4-92DC-DA599C35A5CF}.Release|Any CPU.ActiveCfg = Release|Any CPU
		{415DD034-52CF-45D4-92DC-DA599C35A5CF}.Release|Any CPU.Build.0 = Release|Any CPU
		{415DD034-52CF-45D4-92DC-DA599C35A5CF}.Release|x64.ActiveCfg = Release|Any CPU
		{415DD034-52CF-45D4-92DC-DA599C35A5CF}.Release|x64.Build.0 = Release|Any CPU
		{415DD034-52CF-45D4-92DC-DA599C35A5CF}.Release|x86.ActiveCfg = Release|Any CPU
		{415DD034-52CF-45D4-92DC-DA599C35A5CF}.Release|x86.Build.0 = Release|Any CPU
		{78011209-2F87-4048-AA43-52C11C9CCE8D}.Debug|Any CPU.ActiveCfg = Debug|Any CPU
		{78011209-2F87-4048-AA43-52C11C9CCE8D}.Debug|Any CPU.Build.0 = Debug|Any CPU
		{78011209-2F87-4048-AA43-52C11C9CCE8D}.Debug|x64.ActiveCfg = Debug|Any CPU
		{78011209-2F87-4048-AA43-52C11C9CCE8D}.Debug|x64.Build.0 = Debug|Any CPU
		{78011209-2F87-4048-AA43-52C11C9CCE8D}.Debug|x86.ActiveCfg = Debug|Any CPU
		{78011209-2F87-4048-AA43-52C11C9CCE8D}.Debug|x86.Build.0 = Debug|Any CPU
		{78011209-2F87-4048-AA43-52C11C9CCE8D}.Release|Any CPU.ActiveCfg = Release|Any CPU
		{78011209-2F87-4048-AA43-52C11C9CCE8D}.Release|Any CPU.Build.0 = Release|Any CPU
		{78011209-2F87-4048-AA43-52C11C9CCE8D}.Release|x64.ActiveCfg = Release|Any CPU
		{78011209-2F87-4048-AA43-52C11C9CCE8D}.Release|x64.Build.0 = Release|Any CPU
		{78011209-2F87-4048-AA43-52C11C9CCE8D}.Release|x86.ActiveCfg = Release|Any CPU
		{78011209-2F87-4048-AA43-52C11C9CCE8D}.Release|x86.Build.0 = Release|Any CPU
	EndGlobalSection
	GlobalSection(SolutionProperties) = preSolution
		HideSolutionNode = FALSE
	EndGlobalSection
	GlobalSection(NestedProjects) = preSolution
		{41BC80A7-6328-42F7-891E-8F31A14C9C9B} = {827E0CD3-B72D-47B6-A68D-7590B98EB39B}
		{9DB1B64D-544B-4CEA-A5E6-B5755D1CC3FC} = {827E0CD3-B72D-47B6-A68D-7590B98EB39B}
		{5290A2E9-7B62-444F-86C6-237818BA8EE6} = {827E0CD3-B72D-47B6-A68D-7590B98EB39B}
		{415DD034-52CF-45D4-92DC-DA599C35A5CF} = {827E0CD3-B72D-47B6-A68D-7590B98EB39B}
		{78011209-2F87-4048-AA43-52C11C9CCE8D} = {827E0CD3-B72D-47B6-A68D-7590B98EB39B}
	EndGlobalSection
EndGlobal
