
Microsoft Visual Studio Solution File, Format Version 12.00
# Visual Studio Version 17
VisualStudioVersion = 17.0.31903.59
MinimumVisualStudioVersion = 10.0.40219.1
Project("{2150E333-8FDC-42A3-9474-1A3956D46DE8}") = "src", "src", "{827E0CD3-B72D-47B6-A68D-7590B98EB39B}"
EndProject
Project("{FAE04EC0-301F-11D3-BF4B-00C04F79EFBC}") = "iM1os.Domain", "src\iM1os.Domain\iM1os.Domain.csproj", "{B1E6E169-292D-434E-AB0D-4248BA1FF57A}"
EndProject
Project("{FAE04EC0-301F-11D3-BF4B-00C04F79EFBC}") = "iM1os.Application", "src\iM1os.Application\iM1os.Application.csproj", "{7EA8D482-F139-40E9-A798-66C3CEABCCF6}"
EndProject
Project("{FAE04EC0-301F-11D3-BF4B-00C04F79EFBC}") = "iM1os.Infrastructure", "src\iM1os.Infrastructure\iM1os.Infrastructure.csproj", "{1DFC3178-1D79-4698-A525-2A98AB04C265}"
EndProject
Project("{FAE04EC0-301F-11D3-BF4B-00C04F79EFBC}") = "iM1os.Api", "src\iM1os.Api\iM1os.Api.csproj", "{7B739D6B-5F51-452B-9AAC-2D03840908AE}"
EndProject
Project("{FAE04EC0-301F-11D3-BF4B-00C04F79EFBC}") = "iM1os.Web", "src\iM1os.Web\iM1os.Web.csproj", "{652B067B-61FF-429C-AA03-EAAE2B96F7CF}"
EndProject
Project("{FAE04EC0-301F-11D3-BF4B-00C04F79EFBC}") = "iM1os.Workers", "src\iM1os.Workers\iM1os.Workers.csproj", "{632BEBEB-4DBF-4C49-91A6-3A941428F32E}"
EndProject
Project("{2150E333-8FDC-42A3-9474-1A3956D46DE8}") = "tests", "tests", "{0AB3BF05-4346-4AA6-1389-037BE0695223}"
EndProject
Project("{FAE04EC0-301F-11D3-BF4B-00C04F79EFBC}") = "iM1os.Tests", "tests\iM1os.Tests\iM1os.Tests.csproj", "{250B6E69-B891-4DB2-ABD7-E38A469080F4}"
EndProject
Global
	GlobalSection(SolutionConfigurationPlatforms) = preSolution
		Debug|Any CPU = Debug|Any CPU
		Debug|x64 = Debug|x64
		Debug|x86 = Debug|x86
		Release|Any CPU = Release|Any CPU
		Release|x64 = Release|x64
		Release|x86 = Release|x86
	EndGlobalSection
	GlobalSection(ProjectConfigurationPlatforms) = postSolution
		{B1E6E169-292D-434E-AB0D-4248BA1FF57A}.Debug|Any CPU.ActiveCfg = Debug|Any CPU
		{B1E6E169-292D-434E-AB0D-4248BA1FF57A}.Debug|Any CPU.Build.0 = Debug|Any CPU
		{B1E6E169-292D-434E-AB0D-4248BA1FF57A}.Debug|x64.ActiveCfg = Debug|Any CPU
		{B1E6E169-292D-434E-AB0D-4248BA1FF57A}.Debug|x64.Build.0 = Debug|Any CPU
		{B1E6E169-292D-434E-AB0D-4248BA1FF57A}.Debug|x86.ActiveCfg = Debug|Any CPU
		{B1E6E169-292D-434E-AB0D-4248BA1FF57A}.Debug|x86.Build.0 = Debug|Any CPU
		{B1E6E169-292D-434E-AB0D-4248BA1FF57A}.Release|Any CPU.ActiveCfg = Release|Any CPU
		{B1E6E169-292D-434E-AB0D-4248BA1FF57A}.Release|Any CPU.Build.0 = Release|Any CPU
		{B1E6E169-292D-434E-AB0D-4248BA1FF57A}.Release|x64.ActiveCfg = Release|Any CPU
		{B1E6E169-292D-434E-AB0D-4248BA1FF57A}.Release|x64.Build.0 = Release|Any CPU
		{B1E6E169-292D-434E-AB0D-4248BA1FF57A}.Release|x86.ActiveCfg = Release|Any CPU
		{B1E6E169-292D-434E-AB0D-4248BA1FF57A}.Release|x86.Build.0 = Release|Any CPU
		{7EA8D482-F139-40E9-A798-66C3CEABCCF6}.Debug|Any CPU.ActiveCfg = Debug|Any CPU
		{7EA8D482-F139-40E9-A798-66C3CEABCCF6}.Debug|Any CPU.Build.0 = Debug|Any CPU
		{7EA8D482-F139-40E9-A798-66C3CEABCCF6}.Debug|x64.ActiveCfg = Debug|Any CPU
		{7EA8D482-F139-40E9-A798-66C3CEABCCF6}.Debug|x64.Build.0 = Debug|Any CPU
		{7EA8D482-F139-40E9-A798-66C3CEABCCF6}.Debug|x86.ActiveCfg = Debug|Any CPU
		{7EA8D482-F139-40E9-A798-66C3CEABCCF6}.Debug|x86.Build.0 = Debug|Any CPU
		{7EA8D482-F139-40E9-A798-66C3CEABCCF6}.Release|Any CPU.ActiveCfg = Release|Any CPU
		{7EA8D482-F139-40E9-A798-66C3CEABCCF6}.Release|Any CPU.Build.0 = Release|Any CPU
		{7EA8D482-F139-40E9-A798-66C3CEABCCF6}.Release|x64.ActiveCfg = Release|Any CPU
		{7EA8D482-F139-40E9-A798-66C3CEABCCF6}.Release|x64.Build.0 = Release|Any CPU
		{7EA8D482-F139-40E9-A798-66C3CEABCCF6}.Release|x86.ActiveCfg = Release|Any CPU
		{7EA8D482-F139-40E9-A798-66C3CEABCCF6}.Release|x86.Build.0 = Release|Any CPU
		{1DFC3178-1D79-4698-A525-2A98AB04C265}.Debug|Any CPU.ActiveCfg = Debug|Any CPU
		{1DFC3178-1D79-4698-A525-2A98AB04C265}.Debug|Any CPU.Build.0 = Debug|Any CPU
		{1DFC3178-1D79-4698-A525-2A98AB04C265}.Debug|x64.ActiveCfg = Debug|Any CPU
		{1DFC3178-1D79-4698-A525-2A98AB04C265}.Debug|x64.Build.0 = Debug|Any CPU
		{1DFC3178-1D79-4698-A525-2A98AB04C265}.Debug|x86.ActiveCfg = Debug|Any CPU
		{1DFC3178-1D79-4698-A525-2A98AB04C265}.Debug|x86.Build.0 = Debug|Any CPU
		{1DFC3178-1D79-4698-A525-2A98AB04C265}.Release|Any CPU.ActiveCfg = Release|Any CPU
		{1DFC3178-1D79-4698-A525-2A98AB04C265}.Release|Any CPU.Build.0 = Release|Any CPU
		{1DFC3178-1D79-4698-A525-2A98AB04C265}.Release|x64.ActiveCfg = Release|Any CPU
		{1DFC3178-1D79-4698-A525-2A98AB04C265}.Release|x64.Build.0 = Release|Any CPU
		{1DFC3178-1D79-4698-A525-2A98AB04C265}.Release|x86.ActiveCfg = Release|Any CPU
		{1DFC3178-1D79-4698-A525-2A98AB04C265}.Release|x86.Build.0 = Release|Any CPU
		{7B739D6B-5F51-452B-9AAC-2D03840908AE}.Debug|Any CPU.ActiveCfg = Debug|Any CPU
		{7B739D6B-5F51-452B-9AAC-2D03840908AE}.Debug|Any CPU.Build.0 = Debug|Any CPU
		{7B739D6B-5F51-452B-9AAC-2D03840908AE}.Debug|x64.ActiveCfg = Debug|Any CPU
		{7B739D6B-5F51-452B-9AAC-2D03840908AE}.Debug|x64.Build.0 = Debug|Any CPU
		{7B739D6B-5F51-452B-9AAC-2D03840908AE}.Debug|x86.ActiveCfg = Debug|Any CPU
		{7B739D6B-5F51-452B-9AAC-2D03840908AE}.Debug|x86.Build.0 = Debug|Any CPU
		{7B739D6B-5F51-452B-9AAC-2D03840908AE}.Release|Any CPU.ActiveCfg = Release|Any CPU
		{7B739D6B-5F51-452B-9AAC-2D03840908AE}.Release|Any CPU.Build.0 = Release|Any CPU
		{7B739D6B-5F51-452B-9AAC-2D03840908AE}.Release|x64.ActiveCfg = Release|Any CPU
		{7B739D6B-5F51-452B-9AAC-2D03840908AE}.Release|x64.Build.0 = Release|Any CPU
		{7B739D6B-5F51-452B-9AAC-2D03840908AE}.Release|x86.ActiveCfg = Release|Any CPU
		{7B739D6B-5F51-452B-9AAC-2D03840908AE}.Release|x86.Build.0 = Release|Any CPU
		{652B067B-61FF-429C-AA03-EAAE2B96F7CF}.Debug|Any CPU.ActiveCfg = Debug|Any CPU
		{652B067B-61FF-429C-AA03-EAAE2B96F7CF}.Debug|Any CPU.Build.0 = Debug|Any CPU
		{652B067B-61FF-429C-AA03-EAAE2B96F7CF}.Debug|x64.ActiveCfg = Debug|Any CPU
		{652B067B-61FF-429C-AA03-EAAE2B96F7CF}.Debug|x64.Build.0 = Debug|Any CPU
		{652B067B-61FF-429C-AA03-EAAE2B96F7CF}.Debug|x86.ActiveCfg = Debug|Any CPU
		{652B067B-61FF-429C-AA03-EAAE2B96F7CF}.Debug|x86.Build.0 = Debug|Any CPU
		{652B067B-61FF-429C-AA03-EAAE2B96F7CF}.Release|Any CPU.ActiveCfg = Release|Any CPU
		{652B067B-61FF-429C-AA03-EAAE2B96F7CF}.Release|Any CPU.Build.0 = Release|Any CPU
		{652B067B-61FF-429C-AA03-EAAE2B96F7CF}.Release|x64.ActiveCfg = Release|Any CPU
		{652B067B-61FF-429C-AA03-EAAE2B96F7CF}.Release|x64.Build.0 = Release|Any CPU
		{652B067B-61FF-429C-AA03-EAAE2B96F7CF}.Release|x86.ActiveCfg = Release|Any CPU
		{652B067B-61FF-429C-AA03-EAAE2B96F7CF}.Release|x86.Build.0 = Release|Any CPU
		{632BEBEB-4DBF-4C49-91A6-3A941428F32E}.Debug|Any CPU.ActiveCfg = Debug|Any CPU
		{632BEBEB-4DBF-4C49-91A6-3A941428F32E}.Debug|Any CPU.Build.0 = Debug|Any CPU
		{632BEBEB-4DBF-4C49-91A6-3A941428F32E}.Debug|x64.ActiveCfg = Debug|Any CPU
		{632BEBEB-4DBF-4C49-91A6-3A941428F32E}.Debug|x64.Build.0 = Debug|Any CPU
		{632BEBEB-4DBF-4C49-91A6-3A941428F32E}.Debug|x86.ActiveCfg = Debug|Any CPU
		{632BEBEB-4DBF-4C49-91A6-3A941428F32E}.Debug|x86.Build.0 = Debug|Any CPU
		{632BEBEB-4DBF-4C49-91A6-3A941428F32E}.Release|Any CPU.ActiveCfg = Release|Any CPU
		{632BEBEB-4DBF-4C49-91A6-3A941428F32E}.Release|Any CPU.Build.0 = Release|Any CPU
		{632BEBEB-4DBF-4C49-91A6-3A941428F32E}.Release|x64.ActiveCfg = Release|Any CPU
		{632BEBEB-4DBF-4C49-91A6-3A941428F32E}.Release|x64.Build.0 = Release|Any CPU
		{632BEBEB-4DBF-4C49-91A6-3A941428F32E}.Release|x86.ActiveCfg = Release|Any CPU
		{632BEBEB-4DBF-4C49-91A6-3A941428F32E}.Release|x86.Build.0 = Release|Any CPU
		{250B6E69-B891-4DB2-ABD7-E38A469080F4}.Debug|Any CPU.ActiveCfg = Debug|Any CPU
		{250B6E69-B891-4DB2-ABD7-E38A469080F4}.Debug|Any CPU.Build.0 = Debug|Any CPU
		{250B6E69-B891-4DB2-ABD7-E38A469080F4}.Debug|x64.ActiveCfg = Debug|Any CPU
		{250B6E69-B891-4DB2-ABD7-E38A469080F4}.Debug|x64.Build.0 = Debug|Any CPU
		{250B6E69-B891-4DB2-ABD7-E38A469080F4}.Debug|x86.ActiveCfg = Debug|Any CPU
		{250B6E69-B891-4DB2-ABD7-E38A469080F4}.Debug|x86.Build.0 = Debug|Any CPU
		{250B6E69-B891-4DB2-ABD7-E38A469080F4}.Release|Any CPU.ActiveCfg = Release|Any CPU
		{250B6E69-B891-4DB2-ABD7-E38A469080F4}.Release|Any CPU.Build.0 = Release|Any CPU
		{250B6E69-B891-4DB2-ABD7-E38A469080F4}.Release|x64.ActiveCfg = Release|Any CPU
		{250B6E69-B891-4DB2-ABD7-E38A469080F4}.Release|x64.Build.0 = Release|Any CPU
		{250B6E69-B891-4DB2-ABD7-E38A469080F4}.Release|x86.ActiveCfg = Release|Any CPU
		{250B6E69-B891-4DB2-ABD7-E38A469080F4}.Release|x86.Build.0 = Release|Any CPU
	EndGlobalSection
	GlobalSection(SolutionProperties) = preSolution
		HideSolutionNode = FALSE
	EndGlobalSection
	GlobalSection(NestedProjects) = preSolution
		{B1E6E169-292D-434E-AB0D-4248BA1FF57A} = {827E0CD3-B72D-47B6-A68D-7590B98EB39B}
		{7EA8D482-F139-40E9-A798-66C3CEABCCF6} = {827E0CD3-B72D-47B6-A68D-7590B98EB39B}
		{1DFC3178-1D79-4698-A525-2A98AB04C265} = {827E0CD3-B72D-47B6-A68D-7590B98EB39B}
		{7B739D6B-5F51-452B-9AAC-2D03840908AE} = {827E0CD3-B72D-47B6-A68D-7590B98EB39B}
		{652B067B-61FF-429C-AA03-EAAE2B96F7CF} = {827E0CD3-B72D-47B6-A68D-7590B98EB39B}
		{632BEBEB-4DBF-4C49-91A6-3A941428F32E} = {827E0CD3-B72D-47B6-A68D-7590B98EB39B}
		{250B6E69-B891-4DB2-ABD7-E38A469080F4} = {0AB3BF05-4346-4AA6-1389-037BE0695223}
	EndGlobalSection
EndGlobal
